
Microsoft Visual Studio Solution File, Format Version 12.00
# Visual Studio Version 16
VisualStudioVersion = 16.0.32802.440
MinimumVisualStudioVersion = 10.0.40219.1
Project("{FAE04EC0-301F-11D3-BF4B-00C04F79EFBC}") = "AITS", "AITS.csproj", "{5FBCCB1D-7546-4F89-810F-4EE51E53E4BA}"
EndProject
Global
	GlobalSection(SolutionConfigurationPlatforms) = preSolution
		Debug|Any CPU = Debug|Any CPU
		Release|Any CPU = Release|Any CPU
	EndGlobalSection
	GlobalSection(ProjectConfigurationPlatforms) = postSolution
		{5FBCCB1D-7546-4F89-810F-4EE51E53E4BA}.Debug|Any CPU.ActiveCfg = Debug|Any CPU
		{5FBCCB1D-7546-4F89-810F-4EE51E53E4BA}.Debug|Any CPU.Build.0 = Debug|Any CPU
		{5FBCCB1D-7546-4F89-810F-4EE51E53E4BA}.Release|Any CPU.ActiveCfg = Release|Any CPU
		{5FBCCB1D-7546-4F89-810F-4EE51E53E4BA}.Release|Any CPU.Build.0 = Release|Any CPU
	EndGlobalSection
	GlobalSection(SolutionProperties) = preSolution
		HideSolutionNode = FALSE
	EndGlobalSection
	GlobalSection(ExtensibilityGlobals) = postSolution
		SolutionGuid = {E944C595-C5B2-49A4-9984-4B00B83072AE}
	EndGlobalSection
EndGlobal
